
Microsoft Visual Studio Solution File, Format Version 12.00
# Visual Studio 15
VisualStudioVersion = 15.0.27130.2026
MinimumVisualStudioVersion = 10.0.40219.1
Project("{FAE04EC0-301F-11D3-BF4B-00C04F79EFBC}") = "PitchDeploy", "PitchDeploy\PitchDeploy.csproj", "{4A56FB40-1F21-41B7-B011-AFE545C496DC}"
EndProject
Global
	GlobalSection(SolutionConfigurationPlatforms) = preSolution
		Debug|Any CPU = Debug|Any CPU
		Release|Any CPU = Release|Any CPU
	EndGlobalSection
	GlobalSection(ProjectConfigurationPlatforms) = postSolution
		{4A56FB40-1F21-41B7-B011-AFE545C496DC}.Debug|Any CPU.ActiveCfg = Debug|Any CPU
		{4A56FB40-1F21-41B7-B011-AFE545C496DC}.Debug|Any CPU.Build.0 = Debug|Any CPU
		{4A56FB40-1F21-41B7-B011-AFE545C496DC}.Release|Any CPU.ActiveCfg = Release|Any CPU
		{4A56FB40-1F21-41B7-B011-AFE545C496DC}.Release|Any CPU.Build.0 = Release|Any CPU
	EndGlobalSection
	GlobalSection(SolutionProperties) = preSolution
		HideSolutionNode = FALSE
	EndGlobalSection
	GlobalSection(ExtensibilityGlobals) = postSolution
		SolutionGuid = {D78BE5F9-9F72-4FD3-B0FE-AD9D1BF60AAF}
	EndGlobalSection
EndGlobal
